
Microsoft Visual Studio Solution File, Format Version 12.00
# Visual Studio 15
VisualStudioVersion = 15.0.28010.2019
MinimumVisualStudioVersion = 10.0.40219.1
Project("{FAE04EC0-301F-11D3-BF4B-00C04F79EFBC}") = "Paperless", "Paperless\Paperless.csproj", "{C6FFF9C3-3169-42FD-9D3A-E9CFE2E2F3BB}"
EndProject
Global
	GlobalSection(SolutionConfigurationPlatforms) = preSolution
		Debug|Any CPU = Debug|Any CPU
		Release|Any CPU = Release|Any CPU
	EndGlobalSection
	GlobalSection(ProjectConfigurationPlatforms) = postSolution
		{C6FFF9C3-3169-42FD-9D3A-E9CFE2E2F3BB}.Debug|Any CPU.ActiveCfg = Debug|Any CPU
		{C6FFF9C3-3169-42FD-9D3A-E9CFE2E2F3BB}.Debug|Any CPU.Build.0 = Debug|Any CPU
		{C6FFF9C3-3169-42FD-9D3A-E9CFE2E2F3BB}.Release|Any CPU.ActiveCfg = Release|Any CPU
		{C6FFF9C3-3169-42FD-9D3A-E9CFE2E2F3BB}.Release|Any CPU.Build.0 = Release|Any CPU
	EndGlobalSection
	GlobalSection(SolutionProperties) = preSolution
		HideSolutionNode = FALSE
	EndGlobalSection
	GlobalSection(ExtensibilityGlobals) = postSolution
		SolutionGuid = {0DDBE198-75B6-4ACA-982C-6B2AEA588F0C}
	EndGlobalSection
EndGlobal
